
Microsoft Visual Studio Solution File, Format Version 12.00
# Visual Studio Version 16
VisualStudioVersion = 16.0.31702.278
MinimumVisualStudioVersion = 10.0.40219.1
Project("{FAE04EC0-301F-11D3-BF4B-00C04F79EFBC}") = "CountryAPI", "CountryAPI\CountryAPI.csproj", "{ED295C47-1300-4A26-A26B-C2552C4B59BE}"
EndProject
Global
	GlobalSection(SolutionConfigurationPlatforms) = preSolution
		Debug|Any CPU = Debug|Any CPU
		Release|Any CPU = Release|Any CPU
	EndGlobalSection
	GlobalSection(ProjectConfigurationPlatforms) = postSolution
		{ED295C47-1300-4A26-A26B-C2552C4B59BE}.Debug|Any CPU.ActiveCfg = Debug|Any CPU
		{ED295C47-1300-4A26-A26B-C2552C4B59BE}.Debug|Any CPU.Build.0 = Debug|Any CPU
		{ED295C47-1300-4A26-A26B-C2552C4B59BE}.Release|Any CPU.ActiveCfg = Release|Any CPU
		{ED295C47-1300-4A26-A26B-C2552C4B59BE}.Release|Any CPU.Build.0 = Release|Any CPU
	EndGlobalSection
	GlobalSection(SolutionProperties) = preSolution
		HideSolutionNode = FALSE
	EndGlobalSection
	GlobalSection(ExtensibilityGlobals) = postSolution
		SolutionGuid = {13BEE3A9-F1E4-4523-9BC5-DC64F43E11AF}
	EndGlobalSection
EndGlobal
